
Microsoft Visual Studio Solution File, Format Version 12.00
# Visual Studio Version 17
VisualStudioVersion = 17.13.35931.197 d17.13
MinimumVisualStudioVersion = 10.0.40219.1
Project("{FAE04EC0-301F-11D3-BF4B-00C04F79EFBC}") = "iStart", "iStart\iStart.csproj", "{5CD1F0FE-A49F-42B6-813B-CE4AD90EBD40}"
EndProject
Project("{FAE04EC0-301F-11D3-BF4B-00C04F79EFBC}") = "iStartWebAPI", "iStartWebAPI\iStartWebAPI.csproj", "{A49FCAA0-369F-49D9-B12E-84AB1CBF7C74}"
EndProject
Global
	GlobalSection(SolutionConfigurationPlatforms) = preSolution
		Debug|Any CPU = Debug|Any CPU
		Release|Any CPU = Release|Any CPU
	EndGlobalSection
	GlobalSection(ProjectConfigurationPlatforms) = postSolution
		{5CD1F0FE-A49F-42B6-813B-CE4AD90EBD40}.Debug|Any CPU.ActiveCfg = Debug|Any CPU
		{5CD1F0FE-A49F-42B6-813B-CE4AD90EBD40}.Debug|Any CPU.Build.0 = Debug|Any CPU
		{5CD1F0FE-A49F-42B6-813B-CE4AD90EBD40}.Release|Any CPU.ActiveCfg = Release|Any CPU
		{5CD1F0FE-A49F-42B6-813B-CE4AD90EBD40}.Release|Any CPU.Build.0 = Release|Any CPU
		{A49FCAA0-369F-49D9-B12E-84AB1CBF7C74}.Debug|Any CPU.ActiveCfg = Debug|Any CPU
		{A49FCAA0-369F-49D9-B12E-84AB1CBF7C74}.Debug|Any CPU.Build.0 = Debug|Any CPU
		{A49FCAA0-369F-49D9-B12E-84AB1CBF7C74}.Release|Any CPU.ActiveCfg = Release|Any CPU
		{A49FCAA0-369F-49D9-B12E-84AB1CBF7C74}.Release|Any CPU.Build.0 = Release|Any CPU
	EndGlobalSection
	GlobalSection(SolutionProperties) = preSolution
		HideSolutionNode = FALSE
	EndGlobalSection
	GlobalSection(ExtensibilityGlobals) = postSolution
		SolutionGuid = {4FBCFE16-505E-416C-8C37-95D313D2D2BC}
	EndGlobalSection
EndGlobal
